
Microsoft Visual Studio Solution File, Format Version 12.00
# Visual Studio Version 17
VisualStudioVersion = 17.4.33205.214
MinimumVisualStudioVersion = 10.0.40219.1
Project("{9A19103F-16F7-4668-BE54-9A1E7A4F7556}") = "IterkoczeScript", "IterkoczeScript\IterkoczeScript.csproj", "{5352CBE5-4C79-4C20-B456-181F3C03DAAD}"
EndProject
Project("{2150E333-8FDC-42A3-9474-1A3956D46DE8}") = "Solution Items", "Solution Items", "{E6E95AD7-E722-40D1-BC8C-DE0AD84581D2}"
	ProjectSection(SolutionItems) = preProject
		.editorconfig = .editorconfig
	EndProjectSection
EndProject
Project("{FAE04EC0-301F-11D3-BF4B-00C04F79EFBC}") = "UnitTests", "UnitTests\UnitTests.csproj", "{99F94157-659A-4BA4-AA93-532250FF2885}"
EndProject
Global
	GlobalSection(SolutionConfigurationPlatforms) = preSolution
		Debug|Any CPU = Debug|Any CPU
		Release|Any CPU = Release|Any CPU
	EndGlobalSection
	GlobalSection(ProjectConfigurationPlatforms) = postSolution
		{5352CBE5-4C79-4C20-B456-181F3C03DAAD}.Debug|Any CPU.ActiveCfg = Debug|Any CPU
		{5352CBE5-4C79-4C20-B456-181F3C03DAAD}.Debug|Any CPU.Build.0 = Debug|Any CPU
		{5352CBE5-4C79-4C20-B456-181F3C03DAAD}.Release|Any CPU.ActiveCfg = Release|Any CPU
		{5352CBE5-4C79-4C20-B456-181F3C03DAAD}.Release|Any CPU.Build.0 = Release|Any CPU
		{99F94157-659A-4BA4-AA93-532250FF2885}.Debug|Any CPU.ActiveCfg = Debug|Any CPU
		{99F94157-659A-4BA4-AA93-532250FF2885}.Debug|Any CPU.Build.0 = Debug|Any CPU
		{99F94157-659A-4BA4-AA93-532250FF2885}.Release|Any CPU.ActiveCfg = Release|Any CPU
		{99F94157-659A-4BA4-AA93-532250FF2885}.Release|Any CPU.Build.0 = Release|Any CPU
	EndGlobalSection
	GlobalSection(SolutionProperties) = preSolution
		HideSolutionNode = FALSE
	EndGlobalSection
	GlobalSection(ExtensibilityGlobals) = postSolution
		SolutionGuid = {413A7B13-4A38-4FC8-ADC4-9CE79D9D33F7}
	EndGlobalSection
EndGlobal
